{
  "name": "busb",
  "version": "0.1.1",
  "lockfileVersion": 1,
  "requires": true,
  "dependencies": {
    "bmocha": {
      "version": "git+https://github.com/bcoin-org/bmocha.git#b96f8d88205b9c96e33bce2f7df2a2bcad8a4087",
      "from": "git+https://github.com/bcoin-org/bmocha.git#semver:^2.1.2",
      "dev": true
    },
    "loady": {
      "version": "git+https://github.com/chjj/loady.git#38b20b9461a3919fa7efe7874df77104161d3615",
      "from": "git+https://github.com/chjj/loady.git#semver:~0.0.1"
    },
    "nan": {
      "version": "git+https://github.com/braydonf/nan.git#1dcc61bd06d84e389bfd5311b2b1492a14c74201",
      "from": "git+https://github.com/braydonf/nan.git#semver:^2.14.0"
    }
  }
}
