{
  "name": "busb",
  "version": "1.0.0-beta.1",
  "lockfileVersion": 2,
  "requires": true,
  "packages": {
    "": {
      "version": "1.0.0-beta.1",
      "hasInstallScript": true,
      "license": "MIT",
      "dependencies": {
        "loady": "git+https://github.com/chjj/loady#semver:~0.0.1",
        "nan": "git+https://github.com/braydonf/nan.git#semver:^2.14.0"
      },
      "devDependencies": {
        "bmocha": "git+https://github.com/bcoin-org/bmocha.git#semver:^2.1.2"
      }
    },
    "node_modules/bmocha": {
      "version": "2.1.5",
      "resolved": "git+ssh://git@github.com/bcoin-org/bmocha.git#4ec0e4fd990871105fc2f0da55cf809276bc49bf",
      "dev": true,
      "license": "MIT",
      "bin": {
        "_bmocha": "bin/_bmocha",
        "bmocha": "bin/bmocha"
      },
      "engines": {
        "node": ">=8.0.0"
      }
    },
    "node_modules/loady": {
      "version": "0.0.5",
      "resolved": "git+ssh://git@github.com/chjj/loady.git#b94958b7ee061518f4b85ea6da380e7ee93222d5",
      "license": "MIT",
      "engines": {
        "node": ">=8.0.0"
      }
    },
    "node_modules/nan": {
      "version": "2.14.0",
      "resolved": "git+ssh://git@github.com/braydonf/nan.git#1dcc61bd06d84e389bfd5311b2b1492a14c74201",
      "license": "MIT"
    }
  },
  "dependencies": {
    "bmocha": {
      "version": "git+ssh://git@github.com/bcoin-org/bmocha.git#4ec0e4fd990871105fc2f0da55cf809276bc49bf",
      "dev": true,
      "from": "bmocha@git+https://github.com/bcoin-org/bmocha.git#semver:^2.1.2"
    },
    "loady": {
      "version": "git+ssh://git@github.com/chjj/loady.git#b94958b7ee061518f4b85ea6da380e7ee93222d5",
      "from": "loady@git+https://github.com/chjj/loady#semver:~0.0.1"
    },
    "nan": {
      "version": "git+ssh://git@github.com/braydonf/nan.git#1dcc61bd06d84e389bfd5311b2b1492a14c74201",
      "from": "nan@git+https://github.com/braydonf/nan.git#semver:^2.14.0"
    }
  }
}
